{
  "originHash" : "7a59664a03af079d4df6e724d5304e873451c23f75065812cffb17b14d429ee9",
  "pins" : [
    {
      "identity" : "sqlcipher",
      "kind" : "remoteSourceControl",
      "location" : "https://github.com/Tencent/sqlcipher",
      "state" : {
        "revision" : "5d8825c22feedb421ad6f9ecfc1399460e10d299",
        "version" : "1.4.7"
      }
    },
    {
      "identity" : "wcdb",
      "kind" : "remoteSourceControl",
      "location" : "https://github.com/Tencent/wcdb",
      "state" : {
        "revision" : "99b2cec68d7c9634e08d28ba3a7d54583cd4d303",
        "version" : "2.1.14"
      }
    }
  ],
  "version" : 3
}
